github.com/bmeg/golib v0.0.0-20200725232156-e799a31439fc h1:/0v/ZcXYjGs44InmjECrls31onIbVKVu1Q/E2cmnCEU=
github.com/bmeg/golib v0.0.0-20200725232156-e799a31439fc/go.mod h1:hoSeuZtqe58ANXHuWpeODx4bDHGV36QXlCs1yrUvK6M=
github.com/bmeg/jsonschema v0.0.0-20241104171841-3ee246f5e81a h1:xcOZvRChIdf01it++7OIH1Xg+Oe9AKTC/fuMtIg7XWM=
github.com/bmeg/jsonschema v0.0.0-20241104171841-3ee246f5e81a/go.mod h1:KJYqxUPtm/Ts4C6N92G8DioUJ7TBwTx6LXNs3dFl5W8=
github.com/bmeg/jsonschema v0.0.0-20241104235516-106ff8f9adbe h1:n2D3TmsyFmRWUy5dm2iSWMXaGDQB/yVnMYvkP27EtOw=
github.com/bmeg/jsonschema v0.0.0-20241104235516-106ff8f9adbe/go.mod h1:KJYqxUPtm/Ts4C6N92G8DioUJ7TBwTx6LXNs3dFl5W8=
github.com/bmeg/jsonschema v0.0.0-20241105000246-73908e376d7c h1:Yttvm7Q9uFWmN23Ojs4q7YC515P4/Mi1QA8DjDH7S6k=
github.com/bmeg/jsonschema v0.0.0-20241105000246-73908e376d7c/go.mod h1:KJYqxUPtm/Ts4C6N92G8DioUJ7TBwTx6LXNs3dFl5W8=
github.com/bmeg/jsonschema v0.0.0-20241105001556-2a3555f0429e h1:1Rb/I9CP2msh0DFi5duSxokoixvApPW3yrdwOajE8TY=
github.com/bmeg/jsonschema v0.0.0-20241105001556-2a3555f0429e/go.mod h1:KJYqxUPtm/Ts4C6N92G8DioUJ7TBwTx6LXNs3dFl5W8=
github.com/bmeg/jsonschema v0.0.0-20241105001848-7067c01c3ebd h1:UpURzIJ91WjvKryCAGlCixB1bMFwgQX/b8yGapWvAAU=
github.com/bmeg/jsonschema v0.0.0-20241105001848-7067c01c3ebd/go.mod h1:KJYqxUPtm/Ts4C6N92G8DioUJ7TBwTx6LXNs3dFl5W8=
github.com/bmeg/jsonschema v0.0.0-20241107183909-d01026072fd8 h1:TNutqBaxT8hZ2YeqMz+KwpifX+ZF0BTkHl19+Dw/kbU=
github.com/bmeg/jsonschema v0.0.0-20241107183909-d01026072fd8/go.mod h1:KJYqxUPtm/Ts4C6N92G8DioUJ7TBwTx6LXNs3dFl5W8=
github.com/bmeg/jsonschema v0.0.0-20241107185114-1912f090ee48 h1:KbwbLYIb4UGfZsFipHdDVqd6Vi032TyBzqlqG981GO8=
github.com/bmeg/jsonschema v0.0.0-20241107185114-1912f090ee48/go.mod h1:KJYqxUPtm/Ts4C6N92G8DioUJ7TBwTx6LXNs3dFl5W8=
github.com/cpuguy83/go-md2man/v2 v2.0.4/go.mod h1:tgQtvFlXSQOSOSIRvRPT7W67SCa46tRHOmNcaadrF8o=
github.com/dlclark/regexp2 v1.11.0 h1:G/nrcoOa7ZXlpoa/91N3X7mM3r8eIlMBBJZvsz/mxKI=
github.com/dlclark/regexp2 v1.11.0/go.mod h1:DHkYz0B9wPfa6wondMfaivmHpzrQ3v9q8cnmRbL6yW8=
github.com/golang/protobuf v1.3.2/go.mod h1:6lQm79b+lXiMfvg/cZm0SGofjICqVBUtrP5yJMmIC1U=
github.com/golang/protobuf v1.5.4 h1:i7eJL8qZTpSEXOPTxNKhASYpMn+8e5Q6AdndVa1dWek=
github.com/golang/protobuf v1.5.4/go.mod h1:lnTiLA8Wa4RWRcIUkrtSVa5nRhsEGBg48fD6rSs7xps=
github.com/google/go-cmp v0.5.9 h1:O2Tfq5qg4qc4AmwVlvv0oLiVAGB7enBSJ2x2DqQFi38=
github.com/google/go-cmp v0.5.9/go.mod h1:17dUlkBOakJ0+DkrSSNjCkIjxS6bF9zb3elmeNGIjoY=
github.com/google/uuid v1.6.0 h1:NIvaJDMOsjHA8n1jAhLSgzrAzy1Hgr+hNrb57e+94F0=
github.com/google/uuid v1.6.0/go.mod h1:TIyPZe4MgqvfeYDBFedMoGGpEw/LqOeaOT+nhxU+yHo=
github.com/inconshreveable/mousetrap v1.1.0 h1:wN+x4NVGpMsO7ErUn/mUI3vEoE6Jt13X2s0bqwp9tc8=
github.com/inconshreveable/mousetrap v1.1.0/go.mod h1:vpF70FUmC8bwa3OWnCshd2FqLfsEA9PFc4w1p2J65bw=
github.com/russross/blackfriday/v2 v2.1.0/go.mod h1:+Rmxgy9KzJVeS9/2gXHxylqXiyQDYRxCVz55jmeOWTM=
github.com/spf13/cobra v1.8.1 h1:e5/vxKd/rZsfSJMUX1agtjeTDf+qv1/JdBF8gg5k9ZM=
github.com/spf13/cobra v1.8.1/go.mod h1:wHxEcudfqmLYa8iTfL+OuZPbBZkmvliBWKIezN3kD9Y=
github.com/spf13/pflag v1.0.5 h1:iy+VFUOCP1a+8yFto/drg2CJ5u0yRoB7fZw3DKv/JXA=
github.com/spf13/pflag v1.0.5/go.mod h1:McXfInJRrz4CZXVZOBLb0bTZqETkiAhM9Iw0y3An2Bg=
golang.org/x/text v0.14.0 h1:ScX5w1eTa3QqT8oi6+ziP7dTV1S2+ALU0bI+0zXKWiQ=
golang.org/x/text v0.14.0/go.mod h1:18ZOQIKpY8NJVqYksKHtTdi31H5itFRjB5/qKTNYzSU=
google.golang.org/protobuf v1.34.2 h1:6xV6lTsCfpGD21XK49h7MhtcApnLqkfYgPcdHftf6hg=
google.golang.org/protobuf v1.34.2/go.mod h1:qYOHts0dSfpeUzUFpOMr/WGzszTmLH+DiWniOlNbLDw=
gopkg.in/check.v1 v0.0.0-20161208181325-20d25e280405 h1:yhCVgyC4o1eVCa2tZl7eS0r+SDo693bJlVdllGtEeKM=
gopkg.in/check.v1 v0.0.0-20161208181325-20d25e280405/go.mod h1:Co6ibVJAznAaIkqp8huTwlJQCZ016jof/cbN4VW5Yz0=
gopkg.in/yaml.v3 v3.0.1/go.mod h1:K4uyk7z7BCEPqu6E+C64Yfv1cQ7kz7rIZviUmN+EgEM=
sigs.k8s.io/yaml v1.4.0 h1:Mk1wCc2gy/F0THH0TAp1QYyJNzRm2KCLy3o5ASXVI5E=
sigs.k8s.io/yaml v1.4.0/go.mod h1:Ejl7/uTz7PSA4eKMyQCUTnhZYNmLIl+5c2lQPGR2BPY=
